{
  "version": 4,
  "terraform_version": "1.12.2",
  "serial": 88,
  "lineage": "135bbd66-7046-f675-f042-0c06c1498627",
  "outputs": {
    "frontend_url": {
      "value": "http://13.211.159.129:8080",
      "type": "string"
    },
    "repository_base_url": {
      "value": "809659887358.dkr.ecr.ap-southeast-2.amazonaws.com/naumtest",
      "type": "string"
    }
  },
  "resources": [
    {
      "mode": "data",
      "type": "aws_ami",
      "name": "amazon_linux_2",
      "provider": "provider[\"registry.terraform.io/hashicorp/aws\"]",
      "instances": [
        {
          "schema_version": 0,
          "attributes": {
            "allow_unsafe_filter": null,
            "architecture": "x86_64",
            "arn": "arn:aws:ec2:ap-southeast-2::image/ami-0d14aa250ef482e3f",
            "block_device_mappings": [
              {
                "device_name": "/dev/xvda",
                "ebs": {
                  "delete_on_termination": "true",
                  "encrypted": "false",
                  "iops": "0",
                  "snapshot_id": "snap-08b6b8403c397cfb8",
                  "throughput": "0",
                  "volume_initialization_rate": "0",
                  "volume_size": "8",
                  "volume_type": "gp2"
                },
                "no_device": "",
                "virtual_name": ""
              }
            ],
            "boot_mode": "",
            "creation_date": "2025-07-07T22:26:25.000Z",
            "deprecation_time": "2025-10-05T22:26:00.000Z",
            "description": "Amazon Linux 2 AMI 2.0.20250707.0 x86_64 HVM gp2",
            "ena_support": true,
            "executable_users": null,
            "filter": [
              {
                "name": "architecture",
                "values": [
                  "x86_64"
                ]
              },
              {
                "name": "name",
                "values": [
                  "amzn2-ami-hvm*"
                ]
              }
            ],
            "hypervisor": "xen",
            "id": "ami-0d14aa250ef482e3f",
            "image_id": "ami-0d14aa250ef482e3f",
            "image_location": "amazon/amzn2-ami-hvm-2.0.20250707.0-x86_64-gp2",
            "image_owner_alias": "amazon",
            "image_type": "machine",
            "imds_support": "",
            "include_deprecated": false,
            "kernel_id": "",
            "last_launched_time": "",
            "most_recent": true,
            "name": "amzn2-ami-hvm-2.0.20250707.0-x86_64-gp2",
            "name_regex": null,
            "owner_id": "137112412989",
            "owners": [
              "137112412989"
            ],
            "platform": "",
            "platform_details": "Linux/UNIX",
            "product_codes": [],
            "public": true,
            "ramdisk_id": "",
            "region": "ap-southeast-2",
            "root_device_name": "/dev/xvda",
            "root_device_type": "ebs",
            "root_snapshot_id": "snap-08b6b8403c397cfb8",
            "sriov_net_support": "simple",
            "state": "available",
            "state_reason": {
              "code": "UNSET",
              "message": "UNSET"
            },
            "tags": {},
            "timeouts": null,
            "tpm_support": "",
            "uefi_data": null,
            "usage_operation": "RunInstances",
            "virtualization_type": "hvm"
          },
          "sensitive_attributes": [],
          "identity_schema_version": 0
        }
      ]
    },
    {
      "mode": "data",
      "type": "aws_caller_identity",
      "name": "current",
      "provider": "provider[\"registry.terraform.io/hashicorp/aws\"]",
      "instances": [
        {
          "schema_version": 0,
          "attributes": {
            "account_id": "809659887358",
            "arn": "arn:aws:iam::809659887358:user/aws_devops_test",
            "id": "809659887358",
            "user_id": "AIDA3ZA35N37O45M3DLCE"
          },
          "sensitive_attributes": [],
          "identity_schema_version": 0
        }
      ]
    },
    {
      "mode": "data",
      "type": "aws_iam_policy_document",
      "name": "instance-assume-role-policy",
      "provider": "provider[\"registry.terraform.io/hashicorp/aws\"]",
      "instances": [
        {
          "schema_version": 0,
          "attributes": {
            "id": "2851119427",
            "json": "{\n  \"Version\": \"2012-10-17\",\n  \"Statement\": [\n    {\n      \"Effect\": \"Allow\",\n      \"Action\": \"sts:AssumeRole\",\n      \"Principal\": {\n        \"Service\": \"ec2.amazonaws.com\"\n      }\n    }\n  ]\n}",
            "minified_json": "{\"Version\":\"2012-10-17\",\"Statement\":[{\"Effect\":\"Allow\",\"Action\":\"sts:AssumeRole\",\"Principal\":{\"Service\":\"ec2.amazonaws.com\"}}]}",
            "override_json": null,
            "override_policy_documents": null,
            "policy_id": null,
            "source_json": null,
            "source_policy_documents": null,
            "statement": [
              {
                "actions": [
                  "sts:AssumeRole"
                ],
                "condition": [],
                "effect": "Allow",
                "not_actions": [],
                "not_principals": [],
                "not_resources": [],
                "principals": [
                  {
                    "identifiers": [
                      "ec2.amazonaws.com"
                    ],
                    "type": "Service"
                  }
                ],
                "resources": [],
                "sid": ""
              }
            ],
            "version": "2012-10-17"
          },
          "sensitive_attributes": [],
          "identity_schema_version": 0
        }
      ]
    },
    {
      "mode": "managed",
      "type": "aws_dynamodb_table",
      "name": "dynamodb-table",
      "provider": "provider[\"registry.terraform.io/hashicorp/aws\"]",
      "instances": [
        {
          "schema_version": 1,
          "attributes": {
            "arn": "arn:aws:dynamodb:ap-southeast-2:809659887358:table/NaumTest-terraform-locks",
            "attribute": [
              {
                "name": "LockID",
                "type": "S"
              }
            ],
            "billing_mode": "PROVISIONED",
            "deletion_protection_enabled": false,
            "global_secondary_index": [],
            "hash_key": "LockID",
            "id": "NaumTest-terraform-locks",
            "import_table": [],
            "local_secondary_index": [],
            "name": "NaumTest-terraform-locks",
            "on_demand_throughput": [],
            "point_in_time_recovery": [
              {
                "enabled": false,
                "recovery_period_in_days": 0
              }
            ],
            "range_key": null,
            "read_capacity": 2,
            "region": "ap-southeast-2",
            "replica": [],
            "restore_date_time": null,
            "restore_source_name": null,
            "restore_source_table_arn": null,
            "restore_to_latest_time": null,
            "server_side_encryption": [],
            "stream_arn": "",
            "stream_enabled": false,
            "stream_label": "",
            "stream_view_type": "",
            "table_class": "STANDARD",
            "tags": {
              "Name": "Terraform Lock Table",
              "createdBy": "infra-NaumTest/backend-support"
            },
            "tags_all": {
              "Name": "Terraform Lock Table",
              "createdBy": "infra-NaumTest/backend-support"
            },
            "timeouts": null,
            "ttl": [
              {
                "attribute_name": "",
                "enabled": false
              }
            ],
            "write_capacity": 2
          },
          "sensitive_attributes": [],
          "identity_schema_version": 0,
          "private": "eyJlMmJmYjczMC1lY2FhLTExZTYtOGY4OC0zNDM2M2JjN2M0YzAiOnsiY3JlYXRlIjoxODAwMDAwMDAwMDAwLCJkZWxldGUiOjYwMDAwMDAwMDAwMCwidXBkYXRlIjozNjAwMDAwMDAwMDAwfSwic2NoZW1hX3ZlcnNpb24iOiIxIn0="
        }
      ]
    },
    {
      "mode": "managed",
      "type": "aws_ecr_repository",
      "name": "ecr_repo",
      "provider": "provider[\"registry.terraform.io/hashicorp/aws\"]",
      "instances": [
        {
          "schema_version": 0,
          "attributes": {
            "arn": "arn:aws:ecr:ap-southeast-2:809659887358:repository/naumtest-ecr_repo",
            "encryption_configuration": [
              {
                "encryption_type": "AES256",
                "kms_key": ""
              }
            ],
            "force_delete": true,
            "id": "naumtest-ecr_repo",
            "image_scanning_configuration": [
              {
                "scan_on_push": false
              }
            ],
            "image_tag_mutability": "MUTABLE",
            "name": "naumtest-ecr_repo",
            "region": "ap-southeast-2",
            "registry_id": "809659887358",
            "repository_url": "809659887358.dkr.ecr.ap-southeast-2.amazonaws.com/naumtest-ecr_repo",
            "tags": null,
            "tags_all": {},
            "timeouts": null
          },
          "sensitive_attributes": [],
          "identity_schema_version": 0,
          "private": "eyJlMmJmYjczMC1lY2FhLTExZTYtOGY4OC0zNDM2M2JjN2M0YzAiOnsiZGVsZXRlIjoxMjAwMDAwMDAwMDAwfX0="
        }
      ]
    },
    {
      "mode": "managed",
      "type": "aws_iam_instance_profile",
      "name": "nIAM",
      "provider": "provider[\"registry.terraform.io/hashicorp/aws\"]",
      "instances": [
        {
          "schema_version": 0,
          "attributes": {
            "arn": "arn:aws:iam::809659887358:instance-profile/naumtest-nIAM",
            "create_date": "2025-07-18T14:42:45Z",
            "id": "naumtest-nIAM",
            "name": "naumtest-nIAM",
            "name_prefix": "",
            "path": "/",
            "role": "naumtest-nIAM",
            "tags": null,
            "tags_all": {},
            "unique_id": "AIPA3ZA35N37FTITXLTW4"
          },
          "sensitive_attributes": [],
          "identity_schema_version": 0,
          "private": "bnVsbA==",
          "dependencies": [
            "aws_iam_role.nIAM",
            "data.aws_iam_policy_document.instance-assume-role-policy"
          ]
        }
      ]
    },
    {
      "mode": "managed",
      "type": "aws_iam_role",
      "name": "nIAM",
      "provider": "provider[\"registry.terraform.io/hashicorp/aws\"]",
      "instances": [
        {
          "schema_version": 0,
          "attributes": {
            "arn": "arn:aws:iam::809659887358:role/naumtest-nIAM",
            "assume_role_policy": "{\"Statement\":[{\"Action\":\"sts:AssumeRole\",\"Effect\":\"Allow\",\"Principal\":{\"Service\":\"ec2.amazonaws.com\"}}],\"Version\":\"2012-10-17\"}",
            "create_date": "2025-07-18T14:42:44Z",
            "description": "",
            "force_detach_policies": false,
            "id": "naumtest-nIAM",
            "inline_policy": [],
            "managed_policy_arns": [],
            "max_session_duration": 3600,
            "name": "naumtest-nIAM",
            "name_prefix": "",
            "path": "/",
            "permissions_boundary": "",
            "tags": null,
            "tags_all": {},
            "unique_id": "AROA3ZA35N37B5M6IGMHL"
          },
          "sensitive_attributes": [],
          "identity_schema_version": 0,
          "identity": {
            "account_id": "809659887358",
            "name": "naumtest-nIAM"
          },
          "private": "bnVsbA==",
          "dependencies": [
            "data.aws_iam_policy_document.instance-assume-role-policy"
          ]
        }
      ]
    },
    {
      "mode": "managed",
      "type": "aws_iam_role_policy_attachment",
      "name": "ecr_read_attach",
      "provider": "provider[\"registry.terraform.io/hashicorp/aws\"]",
      "instances": [
        {
          "schema_version": 0,
          "attributes": {
            "id": "naumtest-nIAM/arn:aws:iam::aws:policy/AmazonEC2ContainerRegistryFullAccess",
            "policy_arn": "arn:aws:iam::aws:policy/AmazonEC2ContainerRegistryFullAccess",
            "role": "naumtest-nIAM"
          },
          "sensitive_attributes": [],
          "identity_schema_version": 0,
          "identity": {
            "account_id": "809659887358",
            "policy_arn": "arn:aws:iam::aws:policy/AmazonEC2ContainerRegistryFullAccess",
            "role": "naumtest-nIAM"
          },
          "private": "bnVsbA==",
          "dependencies": [
            "aws_iam_role.nIAM",
            "data.aws_iam_policy_document.instance-assume-role-policy"
          ]
        }
      ]
    },
    {
      "mode": "managed",
      "type": "aws_instance",
      "name": "front_end",
      "provider": "provider[\"registry.terraform.io/hashicorp/aws\"]",
      "instances": [
        {
          "schema_version": 2,
          "attributes": {
            "ami": "ami-0d14aa250ef482e3f",
            "arn": "arn:aws:ec2:ap-southeast-2:809659887358:instance/i-01a8861d04f667be7",
            "associate_public_ip_address": true,
            "availability_zone": "ap-southeast-2a",
            "capacity_reservation_specification": [
              {
                "capacity_reservation_preference": "open",
                "capacity_reservation_target": []
              }
            ],
            "cpu_options": [
              {
                "amd_sev_snp": "",
                "core_count": 1,
                "threads_per_core": 1
              }
            ],
            "credit_specification": [
              {
                "cpu_credits": "standard"
              }
            ],
            "disable_api_stop": false,
            "disable_api_termination": false,
            "ebs_block_device": [],
            "ebs_optimized": false,
            "enable_primary_ipv6": null,
            "enclave_options": [
              {
                "enabled": false
              }
            ],
            "ephemeral_block_device": [],
            "get_password_data": false,
            "hibernation": false,
            "host_id": "",
            "host_resource_group_arn": null,
            "iam_instance_profile": "",
            "id": "i-01a8861d04f667be7",
            "instance_initiated_shutdown_behavior": "stop",
            "instance_lifecycle": "",
            "instance_market_options": [],
            "instance_state": "running",
            "instance_type": "t2.micro",
            "ipv6_address_count": 0,
            "ipv6_addresses": [],
            "key_name": "naumtest-news",
            "launch_template": [],
            "maintenance_options": [
              {
                "auto_recovery": "default"
              }
            ],
            "metadata_options": [
              {
                "http_endpoint": "enabled",
                "http_protocol_ipv6": "disabled",
                "http_put_response_hop_limit": 1,
                "http_tokens": "optional",
                "instance_metadata_tags": "disabled"
              }
            ],
            "monitoring": false,
            "network_interface": [],
            "outpost_arn": "",
            "password_data": "",
            "placement_group": "",
            "placement_partition_number": 0,
            "primary_network_interface_id": "eni-00bde56df4d9aec3b",
            "private_dns": "ip-10-5-0-226.ap-southeast-2.compute.internal",
            "private_dns_name_options": [
              {
                "enable_resource_name_dns_a_record": false,
                "enable_resource_name_dns_aaaa_record": false,
                "hostname_type": "ip-name"
              }
            ],
            "private_ip": "10.5.0.226",
            "public_dns": "",
            "public_ip": "13.211.159.129",
            "region": "ap-southeast-2",
            "root_block_device": [
              {
                "delete_on_termination": true,
                "device_name": "/dev/xvda",
                "encrypted": false,
                "iops": 100,
                "kms_key_id": "",
                "tags": null,
                "tags_all": {},
                "throughput": 0,
                "volume_id": "vol-0d71d8eebc507e3da",
                "volume_size": 8,
                "volume_type": "gp2"
              }
            ],
            "secondary_private_ips": [],
            "security_groups": [],
            "source_dest_check": true,
            "spot_instance_request_id": "",
            "subnet_id": "subnet-0a0cec312c19c0c27",
            "tags": {
              "Name": "naumtest",
              "createdBy": "infra-naumtest"
            },
            "tags_all": {
              "Name": "naumtest",
              "createdBy": "infra-naumtest"
            },
            "tenancy": "default",
            "timeouts": null,
            "user_data": null,
            "user_data_base64": null,
            "user_data_replace_on_change": false,
            "volume_tags": null,
            "vpc_security_group_ids": [
              "sg-03865b8a0056df4f5",
              "sg-0aa8b789f9745031f"
            ]
          },
          "sensitive_attributes": [],
          "identity_schema_version": 0,
          "private": "eyJlMmJmYjczMC1lY2FhLTExZTYtOGY4OC0zNDM2M2JjN2M0YzAiOnsiY3JlYXRlIjo2MDAwMDAwMDAwMDAsImRlbGV0ZSI6MTIwMDAwMDAwMDAwMCwicmVhZCI6OTAwMDAwMDAwMDAwLCJ1cGRhdGUiOjYwMDAwMDAwMDAwMH0sInNjaGVtYV92ZXJzaW9uIjoiMiJ9",
          "dependencies": [
            "aws_key_pair.ssh_key",
            "aws_security_group.front_end_sg",
            "aws_security_group.ssh_access",
            "aws_subnet.public_subnet_a",
            "aws_vpc.vpc",
            "data.aws_ami.amazon_linux_2"
          ]
        }
      ]
    },
    {
      "mode": "managed",
      "type": "aws_internet_gateway",
      "name": "gw",
      "provider": "provider[\"registry.terraform.io/hashicorp/aws\"]",
      "instances": [
        {
          "schema_version": 0,
          "attributes": {
            "arn": "arn:aws:ec2:ap-southeast-2:809659887358:internet-gateway/igw-0af89e1dea3415be8",
            "id": "igw-0af89e1dea3415be8",
            "owner_id": "809659887358",
            "region": "ap-southeast-2",
            "tags": {
              "Name": "Public gateway",
              "createdBy": "infra-naumtest/base"
            },
            "tags_all": {
              "Name": "Public gateway",
              "createdBy": "infra-naumtest/base"
            },
            "timeouts": null,
            "vpc_id": "vpc-09c945f46b67720a0"
          },
          "sensitive_attributes": [],
          "identity_schema_version": 0,
          "private": "eyJlMmJmYjczMC1lY2FhLTExZTYtOGY4OC0zNDM2M2JjN2M0YzAiOnsiY3JlYXRlIjoxMjAwMDAwMDAwMDAwLCJkZWxldGUiOjEyMDAwMDAwMDAwMDAsInVwZGF0ZSI6MTIwMDAwMDAwMDAwMH19",
          "dependencies": [
            "aws_vpc.vpc"
          ]
        }
      ]
    },
    {
      "mode": "managed",
      "type": "aws_key_pair",
      "name": "ssh_key",
      "provider": "provider[\"registry.terraform.io/hashicorp/aws\"]",
      "instances": [
        {
          "schema_version": 1,
          "attributes": {
            "arn": "arn:aws:ec2:ap-southeast-2:809659887358:key-pair/naumtest-news",
            "fingerprint": "t4/jmkp5Bpb8xQimo9Ijc08xOlmDOA++hUt1Qj2GVOg=",
            "id": "naumtest-news",
            "key_name": "naumtest-news",
            "key_name_prefix": "",
            "key_pair_id": "key-0d410e48e87197d35",
            "key_type": "ed25519",
            "public_key": "ssh-ed25519 AAAAC3NzaC1lZDI1NTE5AAAAIIUJEw547hy+K+9qF3AD1FR1vL/ekugukxIvJXACz2ii root@doctl",
            "region": "ap-southeast-2",
            "tags": null,
            "tags_all": {}
          },
          "sensitive_attributes": [],
          "identity_schema_version": 0,
          "private": "eyJzY2hlbWFfdmVyc2lvbiI6IjEifQ=="
        }
      ]
    },
    {
      "mode": "managed",
      "type": "aws_route_table",
      "name": "public_subnet_routes",
      "provider": "provider[\"registry.terraform.io/hashicorp/aws\"]",
      "instances": [
        {
          "schema_version": 0,
          "attributes": {
            "arn": "arn:aws:ec2:ap-southeast-2:809659887358:route-table/rtb-0a94c52597e4a3619",
            "id": "rtb-0a94c52597e4a3619",
            "owner_id": "809659887358",
            "propagating_vgws": [],
            "region": "ap-southeast-2",
            "route": [
              {
                "carrier_gateway_id": "",
                "cidr_block": "0.0.0.0/0",
                "core_network_arn": "",
                "destination_prefix_list_id": "",
                "egress_only_gateway_id": "",
                "gateway_id": "igw-0af89e1dea3415be8",
                "ipv6_cidr_block": "",
                "local_gateway_id": "",
                "nat_gateway_id": "",
                "network_interface_id": "",
                "transit_gateway_id": "",
                "vpc_endpoint_id": "",
                "vpc_peering_connection_id": ""
              }
            ],
            "tags": {
              "Name": "Public subnet routing table",
              "createdBy": "infra-naumtest/base"
            },
            "tags_all": {
              "Name": "Public subnet routing table",
              "createdBy": "infra-naumtest/base"
            },
            "timeouts": null,
            "vpc_id": "vpc-09c945f46b67720a0"
          },
          "sensitive_attributes": [],
          "identity_schema_version": 0,
          "private": "eyJlMmJmYjczMC1lY2FhLTExZTYtOGY4OC0zNDM2M2JjN2M0YzAiOnsiY3JlYXRlIjozMDAwMDAwMDAwMDAsImRlbGV0ZSI6MzAwMDAwMDAwMDAwLCJ1cGRhdGUiOjEyMDAwMDAwMDAwMH19",
          "dependencies": [
            "aws_internet_gateway.gw",
            "aws_vpc.vpc"
          ]
        }
      ]
    },
    {
      "mode": "managed",
      "type": "aws_route_table_association",
      "name": "public_subnet_routes_assn_a",
      "provider": "provider[\"registry.terraform.io/hashicorp/aws\"]",
      "instances": [
        {
          "schema_version": 0,
          "attributes": {
            "gateway_id": "",
            "id": "rtbassoc-0497acebad5d6bd54",
            "region": "ap-southeast-2",
            "route_table_id": "rtb-0a94c52597e4a3619",
            "subnet_id": "subnet-0a0cec312c19c0c27",
            "timeouts": null
          },
          "sensitive_attributes": [],
          "identity_schema_version": 0,
          "private": "eyJlMmJmYjczMC1lY2FhLTExZTYtOGY4OC0zNDM2M2JjN2M0YzAiOnsiY3JlYXRlIjozMDAwMDAwMDAwMDAsImRlbGV0ZSI6MzAwMDAwMDAwMDAwLCJ1cGRhdGUiOjEyMDAwMDAwMDAwMH19",
          "dependencies": [
            "aws_internet_gateway.gw",
            "aws_route_table.public_subnet_routes",
            "aws_subnet.public_subnet_a",
            "aws_vpc.vpc"
          ]
        }
      ]
    },
    {
      "mode": "managed",
      "type": "aws_route_table_association",
      "name": "public_subnet_routes_assn_b",
      "provider": "provider[\"registry.terraform.io/hashicorp/aws\"]",
      "instances": [
        {
          "schema_version": 0,
          "attributes": {
            "gateway_id": "",
            "id": "rtbassoc-0df1879fd67fa8331",
            "region": "ap-southeast-2",
            "route_table_id": "rtb-0a94c52597e4a3619",
            "subnet_id": "subnet-0ad7c9ec61a2c09bf",
            "timeouts": null
          },
          "sensitive_attributes": [],
          "identity_schema_version": 0,
          "private": "eyJlMmJmYjczMC1lY2FhLTExZTYtOGY4OC0zNDM2M2JjN2M0YzAiOnsiY3JlYXRlIjozMDAwMDAwMDAwMDAsImRlbGV0ZSI6MzAwMDAwMDAwMDAwLCJ1cGRhdGUiOjEyMDAwMDAwMDAwMH19",
          "dependencies": [
            "aws_internet_gateway.gw",
            "aws_route_table.public_subnet_routes",
            "aws_subnet.public_subnet_b",
            "aws_vpc.vpc"
          ]
        }
      ]
    },
    {
      "mode": "managed",
      "type": "aws_s3_bucket",
      "name": "terraform_infra",
      "provider": "provider[\"registry.terraform.io/hashicorp/aws\"]",
      "instances": [
        {
          "schema_version": 0,
          "attributes": {
            "acceleration_status": "",
            "acl": null,
            "arn": "arn:aws:s3:::naumtest-terraform-infra",
            "bucket": "naumtest-terraform-infra",
            "bucket_domain_name": "naumtest-terraform-infra.s3.amazonaws.com",
            "bucket_prefix": "",
            "bucket_region": "ap-southeast-2",
            "bucket_regional_domain_name": "naumtest-terraform-infra.s3.ap-southeast-2.amazonaws.com",
            "cors_rule": [],
            "force_destroy": true,
            "grant": [
              {
                "id": "289b9b5e586e284425e38991dca46d22b599e694e276ee192751e05202750776",
                "permissions": [
                  "FULL_CONTROL"
                ],
                "type": "CanonicalUser",
                "uri": ""
              }
            ],
            "hosted_zone_id": "Z1WCIGYICN2BYD",
            "id": "naumtest-terraform-infra",
            "lifecycle_rule": [
              {
                "abort_incomplete_multipart_upload_days": 0,
                "enabled": true,
                "expiration": [],
                "id": "YzE1OGEwYjMtZDI4Mi00NDE2LWE2ODItODUxYTk4NTc2YTlm",
                "noncurrent_version_expiration": [
                  {
                    "days": 90
                  }
                ],
                "noncurrent_version_transition": [],
                "prefix": "",
                "tags": null,
                "transition": []
              }
            ],
            "logging": [],
            "object_lock_configuration": [],
            "object_lock_enabled": false,
            "policy": "",
            "region": "ap-southeast-2",
            "replication_configuration": [],
            "request_payer": "BucketOwner",
            "server_side_encryption_configuration": [
              {
                "rule": [
                  {
                    "apply_server_side_encryption_by_default": [
                      {
                        "kms_master_key_id": "",
                        "sse_algorithm": "AES256"
                      }
                    ],
                    "bucket_key_enabled": false
                  }
                ]
              }
            ],
            "tags": {
              "Name": "Bucket for terraform states of NaumTest",
              "createdBy": "infra-NaumTest/backend-support"
            },
            "tags_all": {
              "Name": "Bucket for terraform states of NaumTest",
              "createdBy": "infra-NaumTest/backend-support"
            },
            "timeouts": null,
            "versioning": [
              {
                "enabled": true,
                "mfa_delete": false
              }
            ],
            "website": [],
            "website_domain": null,
            "website_endpoint": null
          },
          "sensitive_attributes": [],
          "identity_schema_version": 0,
          "identity": {
            "account_id": "809659887358",
            "bucket": "naumtest-terraform-infra",
            "region": "ap-southeast-2"
          },
          "private": "eyJlMmJmYjczMC1lY2FhLTExZTYtOGY4OC0zNDM2M2JjN2M0YzAiOnsiY3JlYXRlIjoxMjAwMDAwMDAwMDAwLCJkZWxldGUiOjM2MDAwMDAwMDAwMDAsInJlYWQiOjEyMDAwMDAwMDAwMDAsInVwZGF0ZSI6MTIwMDAwMDAwMDAwMH19"
        }
      ]
    },
    {
      "mode": "managed",
      "type": "aws_s3_bucket_acl",
      "name": "terraform_infra",
      "provider": "provider[\"registry.terraform.io/hashicorp/aws\"]",
      "instances": [
        {
          "schema_version": 0,
          "attributes": {
            "access_control_policy": [
              {
                "grant": [
                  {
                    "grantee": [
                      {
                        "display_name": "naum",
                        "email_address": "",
                        "id": "289b9b5e586e284425e38991dca46d22b599e694e276ee192751e05202750776",
                        "type": "CanonicalUser",
                        "uri": ""
                      }
                    ],
                    "permission": "FULL_CONTROL"
                  }
                ],
                "owner": [
                  {
                    "display_name": "naum",
                    "id": "289b9b5e586e284425e38991dca46d22b599e694e276ee192751e05202750776"
                  }
                ]
              }
            ],
            "acl": "private",
            "bucket": "naumtest-terraform-infra",
            "expected_bucket_owner": "",
            "id": "naumtest-terraform-infra,private",
            "region": "ap-southeast-2"
          },
          "sensitive_attributes": [],
          "identity_schema_version": 0,
          "private": "bnVsbA==",
          "dependencies": [
            "aws_s3_bucket.terraform_infra",
            "aws_s3_bucket_ownership_controls.terraform_infra"
          ]
        }
      ]
    },
    {
      "mode": "managed",
      "type": "aws_s3_bucket_ownership_controls",
      "name": "terraform_infra",
      "provider": "provider[\"registry.terraform.io/hashicorp/aws\"]",
      "instances": [
        {
          "schema_version": 0,
          "attributes": {
            "bucket": "naumtest-terraform-infra",
            "id": "naumtest-terraform-infra",
            "region": "ap-southeast-2",
            "rule": [
              {
                "object_ownership": "BucketOwnerPreferred"
              }
            ]
          },
          "sensitive_attributes": [],
          "identity_schema_version": 0,
          "private": "bnVsbA==",
          "dependencies": [
            "aws_s3_bucket.terraform_infra"
          ]
        }
      ]
    },
    {
      "mode": "managed",
      "type": "aws_security_group",
      "name": "front_end_sg",
      "provider": "provider[\"registry.terraform.io/hashicorp/aws\"]",
      "instances": [
        {
          "schema_version": 1,
          "attributes": {
            "arn": "arn:aws:ec2:ap-southeast-2:809659887358:security-group/sg-03865b8a0056df4f5",
            "description": "Security group for front_end",
            "egress": [],
            "id": "sg-03865b8a0056df4f5",
            "ingress": [],
            "name": "naumtest-front_end",
            "name_prefix": "",
            "owner_id": "809659887358",
            "region": "ap-southeast-2",
            "revoke_rules_on_delete": false,
            "tags": {
              "Name": "SG for front_end",
              "createdBy": "infra-naumtest/news"
            },
            "tags_all": {
              "Name": "SG for front_end",
              "createdBy": "infra-naumtest/news"
            },
            "timeouts": null,
            "vpc_id": "vpc-09c945f46b67720a0"
          },
          "sensitive_attributes": [],
          "identity_schema_version": 0,
          "private": "eyJlMmJmYjczMC1lY2FhLTExZTYtOGY4OC0zNDM2M2JjN2M0YzAiOnsiY3JlYXRlIjo2MDAwMDAwMDAwMDAsImRlbGV0ZSI6OTAwMDAwMDAwMDAwfSwic2NoZW1hX3ZlcnNpb24iOiIxIn0=",
          "dependencies": [
            "aws_vpc.vpc"
          ]
        }
      ]
    },
    {
      "mode": "managed",
      "type": "aws_security_group",
      "name": "ssh_access",
      "provider": "provider[\"registry.terraform.io/hashicorp/aws\"]",
      "instances": [
        {
          "schema_version": 1,
          "attributes": {
            "arn": "arn:aws:ec2:ap-southeast-2:809659887358:security-group/sg-0aa8b789f9745031f",
            "description": "SSH access group",
            "egress": [],
            "id": "sg-0aa8b789f9745031f",
            "ingress": [
              {
                "cidr_blocks": [
                  "0.0.0.0/0"
                ],
                "description": "",
                "from_port": 22,
                "ipv6_cidr_blocks": [],
                "prefix_list_ids": [],
                "protocol": "tcp",
                "security_groups": [],
                "self": false,
                "to_port": 22
              }
            ],
            "name": "naumtest-ssh_access",
            "name_prefix": "",
            "owner_id": "809659887358",
            "region": "ap-southeast-2",
            "revoke_rules_on_delete": false,
            "tags": {
              "Name": "Allow HTTP",
              "createdBy": "infra-naumtest/news"
            },
            "tags_all": {
              "Name": "Allow HTTP",
              "createdBy": "infra-naumtest/news"
            },
            "timeouts": null,
            "vpc_id": "vpc-09c945f46b67720a0"
          },
          "sensitive_attributes": [],
          "identity_schema_version": 0,
          "private": "eyJlMmJmYjczMC1lY2FhLTExZTYtOGY4OC0zNDM2M2JjN2M0YzAiOnsiY3JlYXRlIjo2MDAwMDAwMDAwMDAsImRlbGV0ZSI6OTAwMDAwMDAwMDAwfSwic2NoZW1hX3ZlcnNpb24iOiIxIn0=",
          "dependencies": [
            "aws_vpc.vpc"
          ]
        }
      ]
    },
    {
      "mode": "managed",
      "type": "aws_security_group_rule",
      "name": "front_end",
      "provider": "provider[\"registry.terraform.io/hashicorp/aws\"]",
      "instances": [
        {
          "schema_version": 2,
          "attributes": {
            "cidr_blocks": [
              "0.0.0.0/0"
            ],
            "description": null,
            "from_port": 8080,
            "id": "sgrule-1317749521",
            "ipv6_cidr_blocks": null,
            "prefix_list_ids": null,
            "protocol": "tcp",
            "region": "ap-southeast-2",
            "security_group_id": "sg-03865b8a0056df4f5",
            "security_group_rule_id": "sgr-093e2dd8dc204f9a6",
            "self": false,
            "source_security_group_id": null,
            "timeouts": null,
            "to_port": 8080,
            "type": "ingress"
          },
          "sensitive_attributes": [],
          "identity_schema_version": 0,
          "private": "eyJlMmJmYjczMC1lY2FhLTExZTYtOGY4OC0zNDM2M2JjN2M0YzAiOnsiY3JlYXRlIjozMDAwMDAwMDAwMDB9LCJzY2hlbWFfdmVyc2lvbiI6IjIifQ==",
          "dependencies": [
            "aws_security_group.front_end_sg",
            "aws_vpc.vpc"
          ]
        }
      ]
    },
    {
      "mode": "managed",
      "type": "aws_security_group_rule",
      "name": "front_end_all_out",
      "provider": "provider[\"registry.terraform.io/hashicorp/aws\"]",
      "instances": [
        {
          "schema_version": 2,
          "attributes": {
            "cidr_blocks": [
              "0.0.0.0/0"
            ],
            "description": null,
            "from_port": 0,
            "id": "sgrule-3915683359",
            "ipv6_cidr_blocks": null,
            "prefix_list_ids": null,
            "protocol": "-1",
            "region": "ap-southeast-2",
            "security_group_id": "sg-03865b8a0056df4f5",
            "security_group_rule_id": "sgr-0f18471d212b4b3ae",
            "self": false,
            "source_security_group_id": null,
            "timeouts": null,
            "to_port": 0,
            "type": "egress"
          },
          "sensitive_attributes": [],
          "identity_schema_version": 0,
          "private": "eyJlMmJmYjczMC1lY2FhLTExZTYtOGY4OC0zNDM2M2JjN2M0YzAiOnsiY3JlYXRlIjozMDAwMDAwMDAwMDB9LCJzY2hlbWFfdmVyc2lvbiI6IjIifQ==",
          "dependencies": [
            "aws_security_group.front_end_sg",
            "aws_vpc.vpc"
          ]
        }
      ]
    },
    {
      "mode": "managed",
      "type": "aws_ssm_parameter",
      "name": "ecr",
      "provider": "provider[\"registry.terraform.io/hashicorp/aws\"]",
      "instances": [
        {
          "schema_version": 0,
          "attributes": {
            "allowed_pattern": "",
            "arn": "arn:aws:ssm:ap-southeast-2:809659887358:parameter/naumtest/base/ecr",
            "data_type": "text",
            "description": "",
            "has_value_wo": null,
            "id": "/naumtest/base/ecr",
            "insecure_value": null,
            "key_id": "",
            "name": "/naumtest/base/ecr",
            "overwrite": null,
            "region": "ap-southeast-2",
            "tags": null,
            "tags_all": {},
            "tier": "Standard",
            "type": "String",
            "value": "809659887358.dkr.ecr.ap-southeast-2.amazonaws.com/naumtest",
            "value_wo": null,
            "value_wo_version": null,
            "version": 1
          },
          "sensitive_attributes": [
            [
              {
                "type": "get_attr",
                "value": "value"
              }
            ],
            [
              {
                "type": "get_attr",
                "value": "value_wo"
              }
            ]
          ],
          "identity_schema_version": 0,
          "private": "bnVsbA==",
          "dependencies": [
            "data.aws_caller_identity.current"
          ]
        }
      ]
    },
    {
      "mode": "managed",
      "type": "aws_ssm_parameter",
      "name": "subnet_a",
      "provider": "provider[\"registry.terraform.io/hashicorp/aws\"]",
      "instances": [
        {
          "schema_version": 0,
          "attributes": {
            "allowed_pattern": "",
            "arn": "arn:aws:ssm:ap-southeast-2:809659887358:parameter/naumtest/base/subnet/a/id",
            "data_type": "text",
            "description": "",
            "has_value_wo": null,
            "id": "/naumtest/base/subnet/a/id",
            "insecure_value": null,
            "key_id": "",
            "name": "/naumtest/base/subnet/a/id",
            "overwrite": null,
            "region": "ap-southeast-2",
            "tags": null,
            "tags_all": {},
            "tier": "Standard",
            "type": "String",
            "value": "subnet-0a0cec312c19c0c27",
            "value_wo": null,
            "value_wo_version": null,
            "version": 1
          },
          "sensitive_attributes": [
            [
              {
                "type": "get_attr",
                "value": "value"
              }
            ],
            [
              {
                "type": "get_attr",
                "value": "value_wo"
              }
            ]
          ],
          "identity_schema_version": 0,
          "private": "bnVsbA==",
          "dependencies": [
            "aws_subnet.public_subnet_a",
            "aws_vpc.vpc"
          ]
        }
      ]
    },
    {
      "mode": "managed",
      "type": "aws_ssm_parameter",
      "name": "subnet_b",
      "provider": "provider[\"registry.terraform.io/hashicorp/aws\"]",
      "instances": [
        {
          "schema_version": 0,
          "attributes": {
            "allowed_pattern": "",
            "arn": "arn:aws:ssm:ap-southeast-2:809659887358:parameter/naumtest/base/subnet/b/id",
            "data_type": "text",
            "description": "",
            "has_value_wo": null,
            "id": "/naumtest/base/subnet/b/id",
            "insecure_value": null,
            "key_id": "",
            "name": "/naumtest/base/subnet/b/id",
            "overwrite": null,
            "region": "ap-southeast-2",
            "tags": null,
            "tags_all": {},
            "tier": "Standard",
            "type": "String",
            "value": "subnet-0ad7c9ec61a2c09bf",
            "value_wo": null,
            "value_wo_version": null,
            "version": 1
          },
          "sensitive_attributes": [
            [
              {
                "type": "get_attr",
                "value": "value"
              }
            ],
            [
              {
                "type": "get_attr",
                "value": "value_wo"
              }
            ]
          ],
          "identity_schema_version": 0,
          "private": "bnVsbA==",
          "dependencies": [
            "aws_subnet.public_subnet_b",
            "aws_vpc.vpc"
          ]
        }
      ]
    },
    {
      "mode": "managed",
      "type": "aws_ssm_parameter",
      "name": "vpc",
      "provider": "provider[\"registry.terraform.io/hashicorp/aws\"]",
      "instances": [
        {
          "schema_version": 0,
          "attributes": {
            "allowed_pattern": "",
            "arn": "arn:aws:ssm:ap-southeast-2:809659887358:parameter/naumtest/base/vpc_id",
            "data_type": "text",
            "description": "",
            "has_value_wo": null,
            "id": "/naumtest/base/vpc_id",
            "insecure_value": null,
            "key_id": "",
            "name": "/naumtest/base/vpc_id",
            "overwrite": null,
            "region": "ap-southeast-2",
            "tags": null,
            "tags_all": {},
            "tier": "Standard",
            "type": "String",
            "value": "vpc-09c945f46b67720a0",
            "value_wo": null,
            "value_wo_version": null,
            "version": 1
          },
          "sensitive_attributes": [
            [
              {
                "type": "get_attr",
                "value": "value"
              }
            ],
            [
              {
                "type": "get_attr",
                "value": "value_wo"
              }
            ]
          ],
          "identity_schema_version": 0,
          "private": "bnVsbA==",
          "dependencies": [
            "aws_vpc.vpc"
          ]
        }
      ]
    },
    {
      "mode": "managed",
      "type": "aws_subnet",
      "name": "public_subnet_a",
      "provider": "provider[\"registry.terraform.io/hashicorp/aws\"]",
      "instances": [
        {
          "schema_version": 1,
          "attributes": {
            "arn": "arn:aws:ec2:ap-southeast-2:809659887358:subnet/subnet-0a0cec312c19c0c27",
            "assign_ipv6_address_on_creation": false,
            "availability_zone": "ap-southeast-2a",
            "availability_zone_id": "apse2-az1",
            "cidr_block": "10.5.0.0/24",
            "customer_owned_ipv4_pool": "",
            "enable_dns64": false,
            "enable_lni_at_device_index": 0,
            "enable_resource_name_dns_a_record_on_launch": false,
            "enable_resource_name_dns_aaaa_record_on_launch": false,
            "id": "subnet-0a0cec312c19c0c27",
            "ipv6_cidr_block": "",
            "ipv6_cidr_block_association_id": "",
            "ipv6_native": false,
            "map_customer_owned_ip_on_launch": false,
            "map_public_ip_on_launch": false,
            "outpost_arn": "",
            "owner_id": "809659887358",
            "private_dns_hostname_type_on_launch": "ip-name",
            "region": "ap-southeast-2",
            "tags": {
              "Name": "Public subnet A",
              "createdBy": "infra-naumtest/base"
            },
            "tags_all": {
              "Name": "Public subnet A",
              "createdBy": "infra-naumtest/base"
            },
            "timeouts": null,
            "vpc_id": "vpc-09c945f46b67720a0"
          },
          "sensitive_attributes": [],
          "identity_schema_version": 0,
          "private": "eyJlMmJmYjczMC1lY2FhLTExZTYtOGY4OC0zNDM2M2JjN2M0YzAiOnsiY3JlYXRlIjo2MDAwMDAwMDAwMDAsImRlbGV0ZSI6MTIwMDAwMDAwMDAwMH0sInNjaGVtYV92ZXJzaW9uIjoiMSJ9",
          "dependencies": [
            "aws_vpc.vpc"
          ]
        }
      ]
    },
    {
      "mode": "managed",
      "type": "aws_subnet",
      "name": "public_subnet_b",
      "provider": "provider[\"registry.terraform.io/hashicorp/aws\"]",
      "instances": [
        {
          "schema_version": 1,
          "attributes": {
            "arn": "arn:aws:ec2:ap-southeast-2:809659887358:subnet/subnet-0ad7c9ec61a2c09bf",
            "assign_ipv6_address_on_creation": false,
            "availability_zone": "ap-southeast-2b",
            "availability_zone_id": "apse2-az3",
            "cidr_block": "10.5.1.0/24",
            "customer_owned_ipv4_pool": "",
            "enable_dns64": false,
            "enable_lni_at_device_index": 0,
            "enable_resource_name_dns_a_record_on_launch": false,
            "enable_resource_name_dns_aaaa_record_on_launch": false,
            "id": "subnet-0ad7c9ec61a2c09bf",
            "ipv6_cidr_block": "",
            "ipv6_cidr_block_association_id": "",
            "ipv6_native": false,
            "map_customer_owned_ip_on_launch": false,
            "map_public_ip_on_launch": false,
            "outpost_arn": "",
            "owner_id": "809659887358",
            "private_dns_hostname_type_on_launch": "ip-name",
            "region": "ap-southeast-2",
            "tags": {
              "Name": "Public subnet B",
              "createdBy": "infra-naumtest/base"
            },
            "tags_all": {
              "Name": "Public subnet B",
              "createdBy": "infra-naumtest/base"
            },
            "timeouts": null,
            "vpc_id": "vpc-09c945f46b67720a0"
          },
          "sensitive_attributes": [],
          "identity_schema_version": 0,
          "private": "eyJlMmJmYjczMC1lY2FhLTExZTYtOGY4OC0zNDM2M2JjN2M0YzAiOnsiY3JlYXRlIjo2MDAwMDAwMDAwMDAsImRlbGV0ZSI6MTIwMDAwMDAwMDAwMH0sInNjaGVtYV92ZXJzaW9uIjoiMSJ9",
          "dependencies": [
            "aws_vpc.vpc"
          ]
        }
      ]
    },
    {
      "mode": "managed",
      "type": "aws_vpc",
      "name": "vpc",
      "provider": "provider[\"registry.terraform.io/hashicorp/aws\"]",
      "instances": [
        {
          "schema_version": 1,
          "attributes": {
            "arn": "arn:aws:ec2:ap-southeast-2:809659887358:vpc/vpc-09c945f46b67720a0",
            "assign_generated_ipv6_cidr_block": false,
            "cidr_block": "10.5.0.0/16",
            "default_network_acl_id": "acl-05bdc9cb4930a775a",
            "default_route_table_id": "rtb-08ed8154160c76672",
            "default_security_group_id": "sg-082c672e3fbe878e9",
            "dhcp_options_id": "dopt-0966dcd2a2d32dfdc",
            "enable_dns_hostnames": false,
            "enable_dns_support": true,
            "enable_network_address_usage_metrics": false,
            "id": "vpc-09c945f46b67720a0",
            "instance_tenancy": "default",
            "ipv4_ipam_pool_id": null,
            "ipv4_netmask_length": null,
            "ipv6_association_id": "",
            "ipv6_cidr_block": "",
            "ipv6_cidr_block_network_border_group": "",
            "ipv6_ipam_pool_id": "",
            "ipv6_netmask_length": 0,
            "main_route_table_id": "rtb-08ed8154160c76672",
            "owner_id": "809659887358",
            "region": "ap-southeast-2",
            "tags": {
              "Name": "naumtest",
              "createdBy": "infra-naumtest/base"
            },
            "tags_all": {
              "Name": "naumtest",
              "createdBy": "infra-naumtest/base"
            }
          },
          "sensitive_attributes": [],
          "identity_schema_version": 0,
          "private": "eyJzY2hlbWFfdmVyc2lvbiI6IjEifQ=="
        }
      ]
    },
    {
      "mode": "managed",
      "type": "local_file",
      "name": "ecr",
      "provider": "provider[\"registry.terraform.io/hashicorp/local\"]",
      "instances": [
        {
          "schema_version": 0,
          "attributes": {
            "content": "809659887358.dkr.ecr.ap-southeast-2.amazonaws.com/naumtest",
            "content_base64": null,
            "content_base64sha256": "PptciUY/d522cVyFh7ahC9je/4gnj+KXWMSC7Jk+zu0=",
            "content_base64sha512": "WOnQ2Jbg2FXe3HzexFwGe7X5TDMNyLYvsV+eNU3RWKZPgMnsRzVevJ9+1l9e+mdNEhviDQ7Dtzh/JJtV9fz02A==",
            "content_md5": "21d17e56bbe9bd8515dbf2232481e1af",
            "content_sha1": "1101014e7fbe9d7469f74b1b40b77372b1bf8ffd",
            "content_sha256": "3e9b5c89463f779db6715c8587b6a10bd8deff88278fe29758c482ec993eceed",
            "content_sha512": "58e9d0d896e0d855dedc7cdec45c067bb5f94c330dc8b62fb15f9e354dd158a64f80c9ec47355ebc9f7ed65f5efa674d121be20d0ec3b7387f249b55f5fcf4d8",
            "directory_permission": "0777",
            "file_permission": "0777",
            "filename": "./ecr-url.txt",
            "id": "1101014e7fbe9d7469f74b1b40b77372b1bf8ffd",
            "sensitive_content": null,
            "source": null
          },
          "sensitive_attributes": [
            [
              {
                "type": "get_attr",
                "value": "sensitive_content"
              }
            ]
          ],
          "identity_schema_version": 0,
          "dependencies": [
            "data.aws_caller_identity.current"
          ]
        }
      ]
    },
    {
      "mode": "managed",
      "type": "null_resource",
      "name": "front_end_provision",
      "provider": "provider[\"registry.terraform.io/hashicorp/null\"]",
      "instances": [
        {
          "schema_version": 0,
          "attributes": {
            "id": "4528776853592281554",
            "triggers": null
          },
          "sensitive_attributes": [],
          "identity_schema_version": 0,
          "dependencies": [
            "aws_instance.front_end",
            "aws_key_pair.ssh_key",
            "aws_security_group.front_end_sg",
            "aws_security_group.ssh_access",
            "aws_subnet.public_subnet_a",
            "aws_vpc.vpc",
            "data.aws_ami.amazon_linux_2",
            "data.aws_caller_identity.current"
          ]
        }
      ]
    }
  ],
  "check_results": null
}
